
Microsoft Visual Studio Solution File, Format Version 12.00
# Visual Studio Version 17
VisualStudioVersion = 17.8.34227.203
MinimumVisualStudioVersion = 10.0.40219.1
Project("{9A19103F-16F7-4668-BE54-9A1E7A4F7556}") = "CrudLancamentos", "CrudLancamentos.csproj", "{F4AABE28-2CA0-4CC3-BBB3-7A2FE1F21B16}"
EndProject
Project("{FAE04EC0-301F-11D3-BF4B-00C04F79EFBC}") = "CrudLancamentosTests", "Tests\CrudLancamentosTests.csproj", "{1CB04B43-A3C8-417C-B376-A11A376CF296}"
EndProject
Global
	GlobalSection(SolutionConfigurationPlatforms) = preSolution
		Debug|Any CPU = Debug|Any CPU
		Release|Any CPU = Release|Any CPU
	EndGlobalSection
	GlobalSection(ProjectConfigurationPlatforms) = postSolution
		{F4AABE28-2CA0-4CC3-BBB3-7A2FE1F21B16}.Debug|Any CPU.ActiveCfg = Debug|Any CPU
		{F4AABE28-2CA0-4CC3-BBB3-7A2FE1F21B16}.Debug|Any CPU.Build.0 = Debug|Any CPU
		{F4AABE28-2CA0-4CC3-BBB3-7A2FE1F21B16}.Release|Any CPU.ActiveCfg = Release|Any CPU
		{F4AABE28-2CA0-4CC3-BBB3-7A2FE1F21B16}.Release|Any CPU.Build.0 = Release|Any CPU
		{1CB04B43-A3C8-417C-B376-A11A376CF296}.Debug|Any CPU.ActiveCfg = Debug|Any CPU
		{1CB04B43-A3C8-417C-B376-A11A376CF296}.Debug|Any CPU.Build.0 = Debug|Any CPU
		{1CB04B43-A3C8-417C-B376-A11A376CF296}.Release|Any CPU.ActiveCfg = Release|Any CPU
		{1CB04B43-A3C8-417C-B376-A11A376CF296}.Release|Any CPU.Build.0 = Release|Any CPU
	EndGlobalSection
	GlobalSection(SolutionProperties) = preSolution
		HideSolutionNode = FALSE
	EndGlobalSection
	GlobalSection(ExtensibilityGlobals) = postSolution
		SolutionGuid = {B3047D2E-C6BE-4DC5-8E36-60FABC275E00}
	EndGlobalSection
EndGlobal
